
Microsoft Visual Studio Solution File, Format Version 12.00
# Visual Studio for Mac
Project("{FAE04EC0-301F-11D3-BF4B-00C04F79EFBC}") = "Assembly-CSharp-firstpass", "Assembly-CSharp-firstpass.csproj", "{6724808E-FE18-D5F5-467A-164B9ADC2308}"
EndProject
Project("{FAE04EC0-301F-11D3-BF4B-00C04F79EFBC}") = "Assembly-CSharp", "Assembly-CSharp.csproj", "{34FB5E87-DD01-CE9C-90E0-F41483F5D352}"
EndProject
Global
	GlobalSection(SolutionConfigurationPlatforms) = preSolution
		Debug|Any CPU = Debug|Any CPU
		Release|Any CPU = Release|Any CPU
	EndGlobalSection
	GlobalSection(ProjectConfigurationPlatforms) = postSolution
		{6724808E-FE18-D5F5-467A-164B9ADC2308}.Debug|Any CPU.ActiveCfg = Debug|Any CPU
		{6724808E-FE18-D5F5-467A-164B9ADC2308}.Debug|Any CPU.Build.0 = Debug|Any CPU
		{6724808E-FE18-D5F5-467A-164B9ADC2308}.Release|Any CPU.ActiveCfg = Release|Any CPU
		{6724808E-FE18-D5F5-467A-164B9ADC2308}.Release|Any CPU.Build.0 = Release|Any CPU
		{34FB5E87-DD01-CE9C-90E0-F41483F5D352}.Debug|Any CPU.ActiveCfg = Debug|Any CPU
		{34FB5E87-DD01-CE9C-90E0-F41483F5D352}.Debug|Any CPU.Build.0 = Debug|Any CPU
		{34FB5E87-DD01-CE9C-90E0-F41483F5D352}.Release|Any CPU.ActiveCfg = Release|Any CPU
		{34FB5E87-DD01-CE9C-90E0-F41483F5D352}.Release|Any CPU.Build.0 = Release|Any CPU
	EndGlobalSection
	GlobalSection(SolutionProperties) = preSolution
		HideSolutionNode = FALSE
	EndGlobalSection
EndGlobal
